
Microsoft Visual Studio Solution File, Format Version 12.00
# Visual Studio Version 17
VisualStudioVersion = 17.8.34511.84
MinimumVisualStudioVersion = 10.0.40219.1
Project("{2150E333-8FDC-42A3-9474-1A3956D46DE8}") = "Services", "Services", "{3DD138DD-E726-430D-AF4A-38127FF63DA7}"
EndProject
Project("{2150E333-8FDC-42A3-9474-1A3956D46DE8}") = "Catalog", "Catalog", "{4B2652D5-1058-4668-B5E2-CE8FEE10F50B}"
EndProject
Project("{9A19103F-16F7-4668-BE54-9A1E7A4F7556}") = "Catalog.API", "Catalog.API\Catalog.API.csproj", "{9D81DC48-3922-489A-9F89-24FD8688A4AD}"
EndProject
Project("{E53339B2-1760-4266-BCC7-CA923CBCF16C}") = "docker-compose", "docker-compose.dcproj", "{E9EC96A9-EC55-4FE3-9C9D-6AFFC7CF923B}"
EndProject
Project("{2150E333-8FDC-42A3-9474-1A3956D46DE8}") = "Basket", "Basket", "{2F7A7571-DA38-4964-A441-BF15D21309E6}"
EndProject
Project("{9A19103F-16F7-4668-BE54-9A1E7A4F7556}") = "Basket.API", "Basket.API\Basket.API.csproj", "{7BA3126D-95E2-4412-A345-D3E47B7E1696}"
EndProject
Project("{2150E333-8FDC-42A3-9474-1A3956D46DE8}") = "Discount", "Discount", "{D1F4716F-8714-4526-9497-EF3F2DA5CB97}"
EndProject
Project("{9A19103F-16F7-4668-BE54-9A1E7A4F7556}") = "Discount.API", "Discount.API\Discount.API.csproj", "{EF80D3B9-6D5C-4B51-9D59-6953AB27CF29}"
EndProject
Project("{FAE04EC0-301F-11D3-BF4B-00C04F79EFBC}") = "WebApplication1", "..\WebApplication1\WebApplication1.csproj", "{CC5C4C9B-D5BF-4254-9D31-3C7AB981C191}"
EndProject
Global
	GlobalSection(SolutionConfigurationPlatforms) = preSolution
		Debug|Any CPU = Debug|Any CPU
		Release|Any CPU = Release|Any CPU
	EndGlobalSection
	GlobalSection(ProjectConfigurationPlatforms) = postSolution
		{9D81DC48-3922-489A-9F89-24FD8688A4AD}.Debug|Any CPU.ActiveCfg = Debug|Any CPU
		{9D81DC48-3922-489A-9F89-24FD8688A4AD}.Debug|Any CPU.Build.0 = Debug|Any CPU
		{9D81DC48-3922-489A-9F89-24FD8688A4AD}.Release|Any CPU.ActiveCfg = Release|Any CPU
		{9D81DC48-3922-489A-9F89-24FD8688A4AD}.Release|Any CPU.Build.0 = Release|Any CPU
		{E9EC96A9-EC55-4FE3-9C9D-6AFFC7CF923B}.Debug|Any CPU.ActiveCfg = Debug|Any CPU
		{E9EC96A9-EC55-4FE3-9C9D-6AFFC7CF923B}.Debug|Any CPU.Build.0 = Debug|Any CPU
		{E9EC96A9-EC55-4FE3-9C9D-6AFFC7CF923B}.Release|Any CPU.ActiveCfg = Release|Any CPU
		{E9EC96A9-EC55-4FE3-9C9D-6AFFC7CF923B}.Release|Any CPU.Build.0 = Release|Any CPU
		{7BA3126D-95E2-4412-A345-D3E47B7E1696}.Debug|Any CPU.ActiveCfg = Debug|Any CPU
		{7BA3126D-95E2-4412-A345-D3E47B7E1696}.Debug|Any CPU.Build.0 = Debug|Any CPU
		{7BA3126D-95E2-4412-A345-D3E47B7E1696}.Release|Any CPU.ActiveCfg = Release|Any CPU
		{7BA3126D-95E2-4412-A345-D3E47B7E1696}.Release|Any CPU.Build.0 = Release|Any CPU
		{EF80D3B9-6D5C-4B51-9D59-6953AB27CF29}.Debug|Any CPU.ActiveCfg = Debug|Any CPU
		{EF80D3B9-6D5C-4B51-9D59-6953AB27CF29}.Debug|Any CPU.Build.0 = Debug|Any CPU
		{EF80D3B9-6D5C-4B51-9D59-6953AB27CF29}.Release|Any CPU.ActiveCfg = Release|Any CPU
		{EF80D3B9-6D5C-4B51-9D59-6953AB27CF29}.Release|Any CPU.Build.0 = Release|Any CPU
		{CC5C4C9B-D5BF-4254-9D31-3C7AB981C191}.Debug|Any CPU.ActiveCfg = Debug|Any CPU
		{CC5C4C9B-D5BF-4254-9D31-3C7AB981C191}.Debug|Any CPU.Build.0 = Debug|Any CPU
		{CC5C4C9B-D5BF-4254-9D31-3C7AB981C191}.Release|Any CPU.ActiveCfg = Release|Any CPU
		{CC5C4C9B-D5BF-4254-9D31-3C7AB981C191}.Release|Any CPU.Build.0 = Release|Any CPU
	EndGlobalSection
	GlobalSection(SolutionProperties) = preSolution
		HideSolutionNode = FALSE
	EndGlobalSection
	GlobalSection(NestedProjects) = preSolution
		{4B2652D5-1058-4668-B5E2-CE8FEE10F50B} = {3DD138DD-E726-430D-AF4A-38127FF63DA7}
		{9D81DC48-3922-489A-9F89-24FD8688A4AD} = {4B2652D5-1058-4668-B5E2-CE8FEE10F50B}
		{2F7A7571-DA38-4964-A441-BF15D21309E6} = {3DD138DD-E726-430D-AF4A-38127FF63DA7}
		{7BA3126D-95E2-4412-A345-D3E47B7E1696} = {2F7A7571-DA38-4964-A441-BF15D21309E6}
		{D1F4716F-8714-4526-9497-EF3F2DA5CB97} = {3DD138DD-E726-430D-AF4A-38127FF63DA7}
		{EF80D3B9-6D5C-4B51-9D59-6953AB27CF29} = {D1F4716F-8714-4526-9497-EF3F2DA5CB97}
		{CC5C4C9B-D5BF-4254-9D31-3C7AB981C191} = {3DD138DD-E726-430D-AF4A-38127FF63DA7}
	EndGlobalSection
	GlobalSection(ExtensibilityGlobals) = postSolution
		SolutionGuid = {863B410E-7E53-400B-A51C-28859A105465}
	EndGlobalSection
EndGlobal
